
Microsoft Visual Studio Solution File, Format Version 12.00
# Visual Studio Version 17
VisualStudioVersion = 17.1.32414.318
MinimumVisualStudioVersion = 10.0.40219.1
Project("{FAE04EC0-301F-11D3-BF4B-00C04F79EFBC}") = "MovieCrud", "MovieCrud\MovieCrud.csproj", "{5D9F4C94-C598-4423-8A13-8327ED1C4DB1}"
EndProject
Global
	GlobalSection(SolutionConfigurationPlatforms) = preSolution
		Debug|Any CPU = Debug|Any CPU
		Release|Any CPU = Release|Any CPU
	EndGlobalSection
	GlobalSection(ProjectConfigurationPlatforms) = postSolution
		{5D9F4C94-C598-4423-8A13-8327ED1C4DB1}.Debug|Any CPU.ActiveCfg = Debug|Any CPU
		{5D9F4C94-C598-4423-8A13-8327ED1C4DB1}.Debug|Any CPU.Build.0 = Debug|Any CPU
		{5D9F4C94-C598-4423-8A13-8327ED1C4DB1}.Release|Any CPU.ActiveCfg = Release|Any CPU
		{5D9F4C94-C598-4423-8A13-8327ED1C4DB1}.Release|Any CPU.Build.0 = Release|Any CPU
	EndGlobalSection
	GlobalSection(SolutionProperties) = preSolution
		HideSolutionNode = FALSE
	EndGlobalSection
	GlobalSection(ExtensibilityGlobals) = postSolution
		SolutionGuid = {727F5CD7-B38A-48E4-BA3B-EA81DC8CB515}
	EndGlobalSection
EndGlobal
